
Microsoft Visual Studio Solution File, Format Version 12.00
# Visual Studio Version 17
VisualStudioVersion = 17.2.32616.157
MinimumVisualStudioVersion = 10.0.40219.1
Project("{FAE04EC0-301F-11D3-BF4B-00C04F79EFBC}") = "ventureerp", "ventureerp.csproj", "{7C77DDC1-12A7-4854-BF95-76877DDA567A}"
EndProject
Global
	GlobalSection(SolutionConfigurationPlatforms) = preSolution
		Debug|Any CPU = Debug|Any CPU
		Release|Any CPU = Release|Any CPU
	EndGlobalSection
	GlobalSection(ProjectConfigurationPlatforms) = postSolution
		{7C77DDC1-12A7-4854-BF95-76877DDA567A}.Debug|Any CPU.ActiveCfg = Debug|Any CPU
		{7C77DDC1-12A7-4854-BF95-76877DDA567A}.Debug|Any CPU.Build.0 = Debug|Any CPU
		{7C77DDC1-12A7-4854-BF95-76877DDA567A}.Release|Any CPU.ActiveCfg = Release|Any CPU
		{7C77DDC1-12A7-4854-BF95-76877DDA567A}.Release|Any CPU.Build.0 = Release|Any CPU
	EndGlobalSection
	GlobalSection(SolutionProperties) = preSolution
		HideSolutionNode = FALSE
	EndGlobalSection
	GlobalSection(ExtensibilityGlobals) = postSolution
		SolutionGuid = {3F18C016-78BB-4E8E-B912-BF5E56E80AA0}
	EndGlobalSection
EndGlobal
